
Microsoft Visual Studio Solution File, Format Version 12.00
# Visual Studio Version 17
VisualStudioVersion = 17.13.35818.85 d17.13
MinimumVisualStudioVersion = 10.0.40219.1
Project("{FAE04EC0-301F-11D3-BF4B-00C04F79EFBC}") = "ORM", "ORM\ORM.csproj", "{EC0724C8-A3D2-4DAC-87A0-65E10BD79EDF}"
EndProject
Global
	GlobalSection(SolutionConfigurationPlatforms) = preSolution
		Debug|Any CPU = Debug|Any CPU
		Release|Any CPU = Release|Any CPU
	EndGlobalSection
	GlobalSection(ProjectConfigurationPlatforms) = postSolution
		{EC0724C8-A3D2-4DAC-87A0-65E10BD79EDF}.Debug|Any CPU.ActiveCfg = Debug|Any CPU
		{EC0724C8-A3D2-4DAC-87A0-65E10BD79EDF}.Debug|Any CPU.Build.0 = Debug|Any CPU
		{EC0724C8-A3D2-4DAC-87A0-65E10BD79EDF}.Release|Any CPU.ActiveCfg = Release|Any CPU
		{EC0724C8-A3D2-4DAC-87A0-65E10BD79EDF}.Release|Any CPU.Build.0 = Release|Any CPU
	EndGlobalSection
	GlobalSection(SolutionProperties) = preSolution
		HideSolutionNode = FALSE
	EndGlobalSection
	GlobalSection(ExtensibilityGlobals) = postSolution
		SolutionGuid = {6B1274F7-42DE-43EF-95D1-DC67C902E564}
	EndGlobalSection
EndGlobal
